
Microsoft Visual Studio Solution File, Format Version 12.00
# Visual Studio Version 17
VisualStudioVersion = 17.11.35303.130
MinimumVisualStudioVersion = 10.0.40219.1
Project("{8BC9CEB8-8B4A-11D0-8D11-00A0C91BC942}") = "Assignment1Cpp", "Assignment1Cpp.vcxproj", "{2D768A8A-8E56-4FB2-9DA9-761C81F3ACA5}"
EndProject
Project("{2150E333-8FDC-42A3-9474-1A3956D46DE8}") = "解决方案项", "解决方案项", "{F805A777-7AD4-493D-9E96-B22582A8699F}"
	ProjectSection(SolutionItems) = preProject
		..\Ass1.cpp = ..\Ass1.cpp
	EndProjectSection
EndProject
Global
	GlobalSection(SolutionConfigurationPlatforms) = preSolution
		Debug|x64 = Debug|x64
		Debug|x86 = Debug|x86
		Release|x64 = Release|x64
		Release|x86 = Release|x86
	EndGlobalSection
	GlobalSection(ProjectConfigurationPlatforms) = postSolution
		{2D768A8A-8E56-4FB2-9DA9-761C81F3ACA5}.Debug|x64.ActiveCfg = Debug|x64
		{2D768A8A-8E56-4FB2-9DA9-761C81F3ACA5}.Debug|x64.Build.0 = Debug|x64
		{2D768A8A-8E56-4FB2-9DA9-761C81F3ACA5}.Debug|x86.ActiveCfg = Debug|Win32
		{2D768A8A-8E56-4FB2-9DA9-761C81F3ACA5}.Debug|x86.Build.0 = Debug|Win32
		{2D768A8A-8E56-4FB2-9DA9-761C81F3ACA5}.Release|x64.ActiveCfg = Release|x64
		{2D768A8A-8E56-4FB2-9DA9-761C81F3ACA5}.Release|x64.Build.0 = Release|x64
		{2D768A8A-8E56-4FB2-9DA9-761C81F3ACA5}.Release|x86.ActiveCfg = Release|Win32
		{2D768A8A-8E56-4FB2-9DA9-761C81F3ACA5}.Release|x86.Build.0 = Release|Win32
	EndGlobalSection
	GlobalSection(SolutionProperties) = preSolution
		HideSolutionNode = FALSE
	EndGlobalSection
	GlobalSection(ExtensibilityGlobals) = postSolution
		SolutionGuid = {B9548779-0E85-448E-A2F7-2FD62AE68207}
	EndGlobalSection
EndGlobal
